// !$*UTF8*$!
{
	archiveVersion = 1;
	classes = {
	};
	objectVersion = 46;
	objects = {

/* Begin PBXBuildFile section */
		0467E16519FDED9E00486683 /* main.m in Sources */ = {isa = PBXBuildFile; fileRef = 0467E16419FDED9E00486683 /* main.m */; };
		0467E16819FDED9E00486683 /* AppDelegate.m in Sources */ = {isa = PBXBuildFile; fileRef = 0467E16719FDED9E00486683 /* AppDelegate.m */; };
		0467E16B19FDED9E00486683 /* ViewController.m in Sources */ = {isa = PBXBuildFile; fileRef = 0467E16A19FDED9E00486683 /* ViewController.m */; };
		0467E16E19FDED9E00486683 /* Main.storyboard in Resources */ = {isa = PBXBuildFile; fileRef = 0467E16C19FDED9E00486683 /* Main.storyboard */; };
		0467E17019FDED9E00486683 /* Images.xcassets in Resources */ = {isa = PBXBuildFile; fileRef = 0467E16F19FDED9E00486683 /* Images.xcassets */; };
		0467E17C19FDED9E00486683 /* _3_4_webview_____________Tests.m in Sources */ = {isa = PBXBuildFile; fileRef = 0467E17B19FDED9E00486683 /* _3_4_webview_____________Tests.m */; };
		0467E18719FDEE0F00486683 /* MNTableViewController.m in Sources */ = {isa = PBXBuildFile; fileRef = 0467E18619FDEE0F00486683 /* MNTableViewController.m */; };
		0467E19119FDEFF300486683 /* docs.bundle in Resources */ = {isa = PBXBuildFile; fileRef = 0467E19019FDEFF300486683 /* docs.bundle */; };
/* End PBXBuildFile section */

/* Begin PBXContainerItemProxy section */
		0467E17619FDED9E00486683 /* PBXContainerItemProxy */ = {
			isa = PBXContainerItemProxy;
			containerPortal = 0467E15719FDED9E00486683 /* Project object */;
			proxyType = 1;
			remoteGlobalIDString = 0467E15E19FDED9E00486683;
			remoteInfo = "33.4-webview在在可选项中选择加载的文件";
		};
/* End PBXContainerItemProxy section */

/* Begin PBXFileReference section */
		0467E15F19FDED9E00486683 /* 33.4-webview在在可选项中选择加载的文件.app */ = {isa = PBXFileReference; explicitFileType = wrapper.application; includeInIndex = 0; path = "33.4-webview在在可选项中选择加载的文件.app"; sourceTree = BUILT_PRODUCTS_DIR; };
		0467E16319FDED9E00486683 /* Info.plist */ = {isa = PBXFileReference; lastKnownFileType = text.plist.xml; path = Info.plist; sourceTree = "<group>"; };
		0467E16419FDED9E00486683 /* main.m */ = {isa = PBXFileReference; lastKnownFileType = sourcecode.c.objc; path = main.m; sourceTree = "<group>"; };
		0467E16619FDED9E00486683 /* AppDelegate.h */ = {isa = PBXFileReference; lastKnownFileType = sourcecode.c.h; path = AppDelegate.h; sourceTree = "<group>"; };
		0467E16719FDED9E00486683 /* AppDelegate.m */ = {isa = PBXFileReference; lastKnownFileType = sourcecode.c.objc; path = AppDelegate.m; sourceTree = "<group>"; };
		0467E16919FDED9E00486683 /* ViewController.h */ = {isa = PBXFileReference; lastKnownFileType = sourcecode.c.h; path = ViewController.h; sourceTree = "<group>"; };
		0467E16A19FDED9E00486683 /* ViewController.m */ = {isa = PBXFileReference; lastKnownFileType = sourcecode.c.objc; path = ViewController.m; sourceTree = "<group>"; };
		0467E16D19FDED9E00486683 /* Base */ = {isa = PBXFileReference; lastKnownFileType = file.storyboard; name = Base; path = Base.lproj/Main.storyboard; sourceTree = "<group>"; };
		0467E16F19FDED9E00486683 /* Images.xcassets */ = {isa = PBXFileReference; lastKnownFileType = folder.assetcatalog; path = Images.xcassets; sourceTree = "<group>"; };
		0467E17519FDED9E00486683 /* 33.4-webview在在可选项中选择加载的文件Tests.xctest */ = {isa = PBXFileReference; explicitFileType = wrapper.cfbundle; includeInIndex = 0; path = "33.4-webview在在可选项中选择加载的文件Tests.xctest"; sourceTree = BUILT_PRODUCTS_DIR; };
		0467E17A19FDED9E00486683 /* Info.plist */ = {isa = PBXFileReference; lastKnownFileType = text.plist.xml; path = Info.plist; sourceTree = "<group>"; };
		0467E17B19FDED9E00486683 /* _3_4_webview_____________Tests.m */ = {isa = PBXFileReference; lastKnownFileType = sourcecode.c.objc; path = "_3_4_webview_____________Tests.m"; sourceTree = "<group>"; };
		0467E18519FDEE0F00486683 /* MNTableViewController.h */ = {isa = PBXFileReference; fileEncoding = 4; lastKnownFileType = sourcecode.c.h; path = MNTableViewController.h; sourceTree = "<group>"; };
		0467E18619FDEE0F00486683 /* MNTableViewController.m */ = {isa = PBXFileReference; fileEncoding = 4; lastKnownFileType = sourcecode.c.objc; path = MNTableViewController.m; sourceTree = "<group>"; };
		0467E19019FDEFF300486683 /* docs.bundle */ = {isa = PBXFileReference; lastKnownFileType = "wrapper.plug-in"; path = docs.bundle; sourceTree = "<group>"; };
/* End PBXFileReference section */

/* Begin PBXFrameworksBuildPhase section */
		0467E15C19FDED9E00486683 /* Frameworks */ = {
			isa = PBXFrameworksBuildPhase;
			buildActionMask = 2147483647;
			files = (
			);
			runOnlyForDeploymentPostprocessing = 0;
		};
		0467E17219FDED9E00486683 /* Frameworks */ = {
			isa = PBXFrameworksBuildPhase;
			buildActionMask = 2147483647;
			files = (
			);
			runOnlyForDeploymentPostprocessing = 0;
		};
/* End PBXFrameworksBuildPhase section */

/* Begin PBXGroup section */
		0467E15619FDED9E00486683 = {
			isa = PBXGroup;
			children = (
				0467E16119FDED9E00486683 /* 33.4-webview在在可选项中选择加载的文件 */,
				0467E17819FDED9E00486683 /* 33.4-webview在在可选项中选择加载的文件Tests */,
				0467E16019FDED9E00486683 /* Products */,
			);
			sourceTree = "<group>";
		};
		0467E16019FDED9E00486683 /* Products */ = {
			isa = PBXGroup;
			children = (
				0467E15F19FDED9E00486683 /* 33.4-webview在在可选项中选择加载的文件.app */,
				0467E17519FDED9E00486683 /* 33.4-webview在在可选项中选择加载的文件Tests.xctest */,
			);
			name = Products;
			sourceTree = "<group>";
		};
		0467E16119FDED9E00486683 /* 33.4-webview在在可选项中选择加载的文件 */ = {
			isa = PBXGroup;
			children = (
				0467E16619FDED9E00486683 /* AppDelegate.h */,
				0467E16719FDED9E00486683 /* AppDelegate.m */,
				0467E16919FDED9E00486683 /* ViewController.h */,
				0467E16A19FDED9E00486683 /* ViewController.m */,
				0467E16C19FDED9E00486683 /* Main.storyboard */,
				0467E18519FDEE0F00486683 /* MNTableViewController.h */,
				0467E18619FDEE0F00486683 /* MNTableViewController.m */,
				0467E16F19FDED9E00486683 /* Images.xcassets */,
				0467E16219FDED9E00486683 /* Supporting Files */,
			);
			path = "33.4-webview在在可选项中选择加载的文件";
			sourceTree = "<group>";
		};
		0467E16219FDED9E00486683 /* Supporting Files */ = {
			isa = PBXGroup;
			children = (
				0467E19019FDEFF300486683 /* docs.bundle */,
				0467E16319FDED9E00486683 /* Info.plist */,
				0467E16419FDED9E00486683 /* main.m */,
			);
			name = "Supporting Files";
			sourceTree = "<group>";
		};
		0467E17819FDED9E00486683 /* 33.4-webview在在可选项中选择加载的文件Tests */ = {
			isa = PBXGroup;
			children = (
				0467E17B19FDED9E00486683 /* _3_4_webview_____________Tests.m */,
				0467E17919FDED9E00486683 /* Supporting Files */,
			);
			path = "33.4-webview在在可选项中选择加载的文件Tests";
			sourceTree = "<group>";
		};
		0467E17919FDED9E00486683 /* Supporting Files */ = {
			isa = PBXGroup;
			children = (
				0467E17A19FDED9E00486683 /* Info.plist */,
			);
			name = "Supporting Files";
			sourceTree = "<group>";
		};
/* End PBXGroup section */

/* Begin PBXNativeTarget section */
		0467E15E19FDED9E00486683 /* 33.4-webview在在可选项中选择加载的文件 */ = {
			isa = PBXNativeTarget;
			buildConfigurationList = 0467E17F19FDED9E00486683 /* Build configuration list for PBXNativeTarget "33.4-webview在在可选项中选择加载的文件" */;
			buildPhases = (
				0467E15B19FDED9E00486683 /* Sources */,
				0467E15C19FDED9E00486683 /* Frameworks */,
				0467E15D19FDED9E00486683 /* Resources */,
			);
			buildRules = (
			);
			dependencies = (
			);
			name = "33.4-webview在在可选项中选择加载的文件";
			productName = "33.4-webview在在可选项中选择加载的文件";
			productReference = 0467E15F19FDED9E00486683 /* 33.4-webview在在可选项中选择加载的文件.app */;
			productType = "com.apple.product-type.application";
		};
		0467E17419FDED9E00486683 /* 33.4-webview在在可选项中选择加载的文件Tests */ = {
			isa = PBXNativeTarget;
			buildConfigurationList = 0467E18219FDED9E00486683 /* Build configuration list for PBXNativeTarget "33.4-webview在在可选项中选择加载的文件Tests" */;
			buildPhases = (
				0467E17119FDED9E00486683 /* Sources */,
				0467E17219FDED9E00486683 /* Frameworks */,
				0467E17319FDED9E00486683 /* Resources */,
			);
			buildRules = (
			);
			dependencies = (
				0467E17719FDED9E00486683 /* PBXTargetDependency */,
			);
			name = "33.4-webview在在可选项中选择加载的文件Tests";
			productName = "33.4-webview在在可选项中选择加载的文件Tests";
			productReference = 0467E17519FDED9E00486683 /* 33.4-webview在在可选项中选择加载的文件Tests.xctest */;
			productType = "com.apple.product-type.bundle.unit-test";
		};
/* End PBXNativeTarget section */

/* Begin PBXProject section */
		0467E15719FDED9E00486683 /* Project object */ = {
			isa = PBXProject;
			attributes = {
				LastUpgradeCheck = 0600;
				ORGANIZATIONNAME = MN;
				TargetAttributes = {
					0467E15E19FDED9E00486683 = {
						CreatedOnToolsVersion = 6.0;
					};
					0467E17419FDED9E00486683 = {
						CreatedOnToolsVersion = 6.0;
						TestTargetID = 0467E15E19FDED9E00486683;
					};
				};
			};
			buildConfigurationList = 0467E15A19FDED9E00486683 /* Build configuration list for PBXProject "33.4-webview在在可选项中选择加载的文件" */;
			compatibilityVersion = "Xcode 3.2";
			developmentRegion = English;
			hasScannedForEncodings = 0;
			knownRegions = (
				en,
				Base,
			);
			mainGroup = 0467E15619FDED9E00486683;
			productRefGroup = 0467E16019FDED9E00486683 /* Products */;
			projectDirPath = "";
			projectRoot = "";
			targets = (
				0467E15E19FDED9E00486683 /* 33.4-webview在在可选项中选择加载的文件 */,
				0467E17419FDED9E00486683 /* 33.4-webview在在可选项中选择加载的文件Tests */,
			);
		};
/* End PBXProject section */

/* Begin PBXResourcesBuildPhase section */
		0467E15D19FDED9E00486683 /* Resources */ = {
			isa = PBXResourcesBuildPhase;
			buildActionMask = 2147483647;
			files = (
				0467E16E19FDED9E00486683 /* Main.storyboard in Resources */,
				0467E17019FDED9E00486683 /* Images.xcassets in Resources */,
				0467E19119FDEFF300486683 /* docs.bundle in Resources */,
			);
			runOnlyForDeploymentPostprocessing = 0;
		};
		0467E17319FDED9E00486683 /* Resources */ = {
			isa = PBXResourcesBuildPhase;
			buildActionMask = 2147483647;
			files = (
			);
			runOnlyForDeploymentPostprocessing = 0;
		};
/* End PBXResourcesBuildPhase section */

/* Begin PBXSourcesBuildPhase section */
		0467E15B19FDED9E00486683 /* Sources */ = {
			isa = PBXSourcesBuildPhase;
			buildActionMask = 2147483647;
			files = (
				0467E18719FDEE0F00486683 /* MNTableViewController.m in Sources */,
				0467E16B19FDED9E00486683 /* ViewController.m in Sources */,
				0467E16819FDED9E00486683 /* AppDelegate.m in Sources */,
				0467E16519FDED9E00486683 /* main.m in Sources */,
			);
			runOnlyForDeploymentPostprocessing = 0;
		};
		0467E17119FDED9E00486683 /* Sources */ = {
			isa = PBXSourcesBuildPhase;
			buildActionMask = 2147483647;
			files = (
				0467E17C19FDED9E00486683 /* _3_4_webview_____________Tests.m in Sources */,
			);
			runOnlyForDeploymentPostprocessing = 0;
		};
/* End PBXSourcesBuildPhase section */

/* Begin PBXTargetDependency section */
		0467E17719FDED9E00486683 /* PBXTargetDependency */ = {
			isa = PBXTargetDependency;
			target = 0467E15E19FDED9E00486683 /* 33.4-webview在在可选项中选择加载的文件 */;
			targetProxy = 0467E17619FDED9E00486683 /* PBXContainerItemProxy */;
		};
/* End PBXTargetDependency section */

/* Begin PBXVariantGroup section */
		0467E16C19FDED9E00486683 /* Main.storyboard */ = {
			isa = PBXVariantGroup;
			children = (
				0467E16D19FDED9E00486683 /* Base */,
			);
			name = Main.storyboard;
			sourceTree = "<group>";
		};
/* End PBXVariantGroup section */

/* Begin XCBuildConfiguration section */
		0467E17D19FDED9E00486683 /* Debug */ = {
			isa = XCBuildConfiguration;
			buildSettings = {
				ALWAYS_SEARCH_USER_PATHS = NO;
				CLANG_CXX_LANGUAGE_STANDARD = "gnu++0x";
				CLANG_CXX_LIBRARY = "libc++";
				CLANG_ENABLE_MODULES = YES;
				CLANG_ENABLE_OBJC_ARC = YES;
				CLANG_WARN_BOOL_CONVERSION = YES;
				CLANG_WARN_CONSTANT_CONVERSION = YES;
				CLANG_WARN_DIRECT_OBJC_ISA_USAGE = YES_ERROR;
				CLANG_WARN_EMPTY_BODY = YES;
				CLANG_WARN_ENUM_CONVERSION = YES;
				CLANG_WARN_INT_CONVERSION = YES;
				CLANG_WARN_OBJC_ROOT_CLASS = YES_ERROR;
				CLANG_WARN_UNREACHABLE_CODE = YES;
				CLANG_WARN__DUPLICATE_METHOD_MATCH = YES;
				"CODE_SIGN_IDENTITY[sdk=iphoneos*]" = "iPhone Developer";
				COPY_PHASE_STRIP = NO;
				ENABLE_STRICT_OBJC_MSGSEND = YES;
				GCC_C_LANGUAGE_STANDARD = gnu99;
				GCC_DYNAMIC_NO_PIC = NO;
				GCC_OPTIMIZATION_LEVEL = 0;
				GCC_PREPROCESSOR_DEFINITIONS = (
					"DEBUG=1",
					"$(inherited)",
				);
				GCC_SYMBOLS_PRIVATE_EXTERN = NO;
				GCC_WARN_64_TO_32_BIT_CONVERSION = YES;
				GCC_WARN_ABOUT_RETURN_TYPE = YES_ERROR;
				GCC_WARN_UNDECLARED_SELECTOR = YES;
				GCC_WARN_UNINITIALIZED_AUTOS = YES_AGGRESSIVE;
				GCC_WARN_UNUSED_FUNCTION = YES;
				GCC_WARN_UNUSED_VARIABLE = YES;
				IPHONEOS_DEPLOYMENT_TARGET = 8.0;
				MTL_ENABLE_DEBUG_INFO = YES;
				ONLY_ACTIVE_ARCH = YES;
				SDKROOT = iphoneos;
			};
			name = Debug;
		};
		0467E17E19FDED9E00486683 /* Release */ = {
			isa = XCBuildConfiguration;
			buildSettings = {
				ALWAYS_SEARCH_USER_PATHS = NO;
				CLANG_CXX_LANGUAGE_STANDARD = "gnu++0x";
				CLANG_CXX_LIBRARY = "libc++";
				CLANG_ENABLE_MODULES = YES;
				CLANG_ENABLE_OBJC_ARC = YES;
				CLANG_WARN_BOOL_CONVERSION = YES;
				CLANG_WARN_CONSTANT_CONVERSION = YES;
				CLANG_WARN_DIRECT_OBJC_ISA_USAGE = YES_ERROR;
				CLANG_WARN_EMPTY_BODY = YES;
				CLANG_WARN_ENUM_CONVERSION = YES;
				CLANG_WARN_INT_CONVERSION = YES;
				CLANG_WARN_OBJC_ROOT_CLASS = YES_ERROR;
				CLANG_WARN_UNREACHABLE_CODE = YES;
				CLANG_WARN__DUPLICATE_METHOD_MATCH = YES;
				"CODE_SIGN_IDENTITY[sdk=iphoneos*]" = "iPhone Developer";
				COPY_PHASE_STRIP = YES;
				ENABLE_NS_ASSERTIONS = NO;
				ENABLE_STRICT_OBJC_MSGSEND = YES;
				GCC_C_LANGUAGE_STANDARD = gnu99;
				GCC_WARN_64_TO_32_BIT_CONVERSION = YES;
				GCC_WARN_ABOUT_RETURN_TYPE = YES_ERROR;
				GCC_WARN_UNDECLARED_SELECTOR = YES;
				GCC_WARN_UNINITIALIZED_AUTOS = YES_AGGRESSIVE;
				GCC_WARN_UNUSED_FUNCTION = YES;
				GCC_WARN_UNUSED_VARIABLE = YES;
				IPHONEOS_DEPLOYMENT_TARGET = 8.0;
				MTL_ENABLE_DEBUG_INFO = NO;
				SDKROOT = iphoneos;
				VALIDATE_PRODUCT = YES;
			};
			name = Release;
		};
		0467E18019FDED9E00486683 /* Debug */ = {
			isa = XCBuildConfiguration;
			buildSettings = {
				ASSETCATALOG_COMPILER_APPICON_NAME = AppIcon;
				ASSETCATALOG_COMPILER_LAUNCHIMAGE_NAME = LaunchImage;
				INFOPLIST_FILE = "33.4-webview在在可选项中选择加载的文件/Info.plist";
				LD_RUNPATH_SEARCH_PATHS = "$(inherited) @executable_path/Frameworks";
				PRODUCT_NAME = "$(TARGET_NAME)";
			};
			name = Debug;
		};
		0467E18119FDED9E00486683 /* Release */ = {
			isa = XCBuildConfiguration;
			buildSettings = {
				ASSETCATALOG_COMPILER_APPICON_NAME = AppIcon;
				ASSETCATALOG_COMPILER_LAUNCHIMAGE_NAME = LaunchImage;
				INFOPLIST_FILE = "33.4-webview在在可选项中选择加载的文件/Info.plist";
				LD_RUNPATH_SEARCH_PATHS = "$(inherited) @executable_path/Frameworks";
				PRODUCT_NAME = "$(TARGET_NAME)";
			};
			name = Release;
		};
		0467E18319FDED9E00486683 /* Debug */ = {
			isa = XCBuildConfiguration;
			buildSettings = {
				BUNDLE_LOADER = "$(TEST_HOST)";
				FRAMEWORK_SEARCH_PATHS = (
					"$(SDKROOT)/Developer/Library/Frameworks",
					"$(inherited)",
				);
				GCC_PREPROCESSOR_DEFINITIONS = (
					"DEBUG=1",
					"$(inherited)",
				);
				INFOPLIST_FILE = "33.4-webview在在可选项中选择加载的文件Tests/Info.plist";
				LD_RUNPATH_SEARCH_PATHS = "$(inherited) @executable_path/Frameworks @loader_path/Frameworks";
				PRODUCT_NAME = "$(TARGET_NAME)";
				TEST_HOST = "$(BUILT_PRODUCTS_DIR)/33.4-webview在在可选项中选择加载的文件.app/33.4-webview在在可选项中选择加载的文件";
			};
			name = Debug;
		};
		0467E18419FDED9E00486683 /* Release */ = {
			isa = XCBuildConfiguration;
			buildSettings = {
				BUNDLE_LOADER = "$(TEST_HOST)";
				FRAMEWORK_SEARCH_PATHS = (
					"$(SDKROOT)/Developer/Library/Frameworks",
					"$(inherited)",
				);
				INFOPLIST_FILE = "33.4-webview在在可选项中选择加载的文件Tests/Info.plist";
				LD_RUNPATH_SEARCH_PATHS = "$(inherited) @executable_path/Frameworks @loader_path/Frameworks";
				PRODUCT_NAME = "$(TARGET_NAME)";
				TEST_HOST = "$(BUILT_PRODUCTS_DIR)/33.4-webview在在可选项中选择加载的文件.app/33.4-webview在在可选项中选择加载的文件";
			};
			name = Release;
		};
/* End XCBuildConfiguration section */

/* Begin XCConfigurationList section */
		0467E15A19FDED9E00486683 /* Build configuration list for PBXProject "33.4-webview在在可选项中选择加载的文件" */ = {
			isa = XCConfigurationList;
			buildConfigurations = (
				0467E17D19FDED9E00486683 /* Debug */,
				0467E17E19FDED9E00486683 /* Release */,
			);
			defaultConfigurationIsVisible = 0;
			defaultConfigurationName = Release;
		};
		0467E17F19FDED9E00486683 /* Build configuration list for PBXNativeTarget "33.4-webview在在可选项中选择加载的文件" */ = {
			isa = XCConfigurationList;
			buildConfigurations = (
				0467E18019FDED9E00486683 /* Debug */,
				0467E18119FDED9E00486683 /* Release */,
			);
			defaultConfigurationIsVisible = 0;
		};
		0467E18219FDED9E00486683 /* Build configuration list for PBXNativeTarget "33.4-webview在在可选项中选择加载的文件Tests" */ = {
			isa = XCConfigurationList;
			buildConfigurations = (
				0467E18319FDED9E00486683 /* Debug */,
				0467E18419FDED9E00486683 /* Release */,
			);
			defaultConfigurationIsVisible = 0;
		};
/* End XCConfigurationList section */
	};
	rootObject = 0467E15719FDED9E00486683 /* Project object */;
}
